PODS:
  - Adjust (4.28.0):
    - Adjust/Core (= 4.28.0)
  - Adjust/Core (4.28.0)
  - Apollo (0.30.0):
    - Apollo/Core (= 0.30.0)
  - Apollo/Core (0.30.0)
  - AppierFramework (7.9.0)
  - KeychainAccess (4.2.2)
  - LicensePlist (3.0.5)
  - NewRelicAgent (7.2.1)
  - RxSwift (5.1.2)
  - SwiftGen (6.3.0)
  - SwiftLint (0.40.3)

DEPENDENCIES:
  - Adjust (~> 4.28.0)
  - Apollo (~> 0.30.0)
  - AppierFramework
  - KeychainAccess (~> 4.2.0)
  - LicensePlist
  - NewRelicAgent (~> 7.2.1)
  - RxSwift (~> 5.1.1)
  - SwiftGen (~> 6.3.0)
  - SwiftLint (~> 0.40.0)

SPEC REPOS:
  trunk:
    - Adjust
    - Apollo
    - AppierFramework
    - KeychainAccess
    - LicensePlist
    - NewRelicAgent
    - RxSwift
    - SwiftGen
    - SwiftLint

SPEC CHECKSUMS:
  Adjust: 131c77905f67b26e946d1b831fad20ed2b41134c
  Apollo: c10bf1a4c7db5237be1056ace16347cd1cdcb863
  AppierFramework: 16329f105906f9abfda90d53c4cd3ad20a08094a
  KeychainAccess: c0c4f7f38f6fc7bbe58f5702e25f7bd2f65abf51
  LicensePlist: 11c638fa9dc22ddb5771cdf910242ae1ba2684da
  NewRelicAgent: 5bdff9c0e3de85eb95c54ffc2262f3e23e3d71ba
  RxSwift: 1e2e1f9570186967f617e49128ed26ccf1bafc8e
  SwiftGen: 3d5024a47ea79e408cded20763d7a17d18a4548c
  SwiftLint: dfd554ff0dff17288ee574814ccdd5cea85d76f7

PODFILE CHECKSUM: 30934f060e53eb23be8d69df6f28d778b4b2e78d

COCOAPODS: 1.10.1
