// !$*UTF8*$!
{
	archiveVersion = 1;
	classes = {
	};
	objectVersion = 50;
	objects = {

/* Begin PBXBuildFile section */
		1C04CBBCC9A4A617639940CE /* Pods_iOSTestTests.framework in Frameworks */ = {isa = PBXBuildFile; fileRef = 2CEA4FE820C4A9FA557CCFDC /* Pods_iOSTestTests.framework */; };
		969C119D222A0ECA0015662B /* AppDelegate.swift in Sources */ = {isa = PBXBuildFile; fileRef = 969C119C222A0ECA0015662B /* AppDelegate.swift */; };
		969C119F222A0ECA0015662B /* ViewController.swift in Sources */ = {isa = PBXBuildFile; fileRef = 969C119E222A0ECA0015662B /* ViewController.swift */; };
		969C11A2222A0ECA0015662B /* Main.storyboard in Resources */ = {isa = PBXBuildFile; fileRef = 969C11A0222A0ECA0015662B /* Main.storyboard */; };
		969C11A4222A0ECA0015662B /* Assets.xcassets in Resources */ = {isa = PBXBuildFile; fileRef = 969C11A3222A0ECA0015662B /* Assets.xcassets */; };
		969C11A7222A0ECA0015662B /* LaunchScreen.storyboard in Resources */ = {isa = PBXBuildFile; fileRef = 969C11A5222A0ECA0015662B /* LaunchScreen.storyboard */; };
		969C11B2222A0ECA0015662B /* iOSTestTests.swift in Sources */ = {isa = PBXBuildFile; fileRef = 969C11B1222A0ECA0015662B /* iOSTestTests.swift */; };
		969C11BD222A0ECA0015662B /* iOSTestUITests.swift in Sources */ = {isa = PBXBuildFile; fileRef = 969C11BC222A0ECA0015662B /* iOSTestUITests.swift */; };
		D7126B68F3183FAA40B2572A /* Pods_iOSTest_iOSTestUITests.framework in Frameworks */ = {isa = PBXBuildFile; fileRef = 35E0DF6052EBD6DF0AEDFBC8 /* Pods_iOSTest_iOSTestUITests.framework */; };
		E5F5BAD3CFF7D0866EB1FDB7 /* Pods_iOSTest.framework in Frameworks */ = {isa = PBXBuildFile; fileRef = F095070E33145A0E454CD7DD /* Pods_iOSTest.framework */; };
/* End PBXBuildFile section */

/* Begin PBXContainerItemProxy section */
		969C11AE222A0ECA0015662B /* PBXContainerItemProxy */ = {
			isa = PBXContainerItemProxy;
			containerPortal = 969C1191222A0ECA0015662B /* Project object */;
			proxyType = 1;
			remoteGlobalIDString = 969C1198222A0ECA0015662B;
			remoteInfo = iOSTest;
		};
		969C11B9222A0ECA0015662B /* PBXContainerItemProxy */ = {
			isa = PBXContainerItemProxy;
			containerPortal = 969C1191222A0ECA0015662B /* Project object */;
			proxyType = 1;
			remoteGlobalIDString = 969C1198222A0ECA0015662B;
			remoteInfo = iOSTest;
		};
/* End PBXContainerItemProxy section */

/* Begin PBXFileReference section */
		020F1DBB43C41C8204AF1DC7 /* Pods-iOSTest-iOSTestUITests.release.xcconfig */ = {isa = PBXFileReference; includeInIndex = 1; lastKnownFileType = text.xcconfig; name = "Pods-iOSTest-iOSTestUITests.release.xcconfig"; path = "Target Support Files/Pods-iOSTest-iOSTestUITests/Pods-iOSTest-iOSTestUITests.release.xcconfig"; sourceTree = "<group>"; };
		0793981AA32E9D585C37487E /* Pods-iOSTest.release.xcconfig */ = {isa = PBXFileReference; includeInIndex = 1; lastKnownFileType = text.xcconfig; name = "Pods-iOSTest.release.xcconfig"; path = "Target Support Files/Pods-iOSTest/Pods-iOSTest.release.xcconfig"; sourceTree = "<group>"; };
		2CEA4FE820C4A9FA557CCFDC /* Pods_iOSTestTests.framework */ = {isa = PBXFileReference; explicitFileType = wrapper.framework; includeInIndex = 0; path = Pods_iOSTestTests.framework; sourceTree = BUILT_PRODUCTS_DIR; };
		35E0DF6052EBD6DF0AEDFBC8 /* Pods_iOSTest_iOSTestUITests.framework */ = {isa = PBXFileReference; explicitFileType = wrapper.framework; includeInIndex = 0; path = Pods_iOSTest_iOSTestUITests.framework; sourceTree = BUILT_PRODUCTS_DIR; };
		4FE5A0A853C7BA6DDC21730A /* Pods-iOSTestTests.debug.xcconfig */ = {isa = PBXFileReference; includeInIndex = 1; lastKnownFileType = text.xcconfig; name = "Pods-iOSTestTests.debug.xcconfig"; path = "Target Support Files/Pods-iOSTestTests/Pods-iOSTestTests.debug.xcconfig"; sourceTree = "<group>"; };
		88A3AE182143B3DF03FB1E85 /* Pods-iOSTestTests.release.xcconfig */ = {isa = PBXFileReference; includeInIndex = 1; lastKnownFileType = text.xcconfig; name = "Pods-iOSTestTests.release.xcconfig"; path = "Target Support Files/Pods-iOSTestTests/Pods-iOSTestTests.release.xcconfig"; sourceTree = "<group>"; };
		969C1199222A0ECA0015662B /* iOSTest.app */ = {isa = PBXFileReference; explicitFileType = wrapper.application; includeInIndex = 0; path = iOSTest.app; sourceTree = BUILT_PRODUCTS_DIR; };
		969C119C222A0ECA0015662B /* AppDelegate.swift */ = {isa = PBXFileReference; lastKnownFileType = sourcecode.swift; path = AppDelegate.swift; sourceTree = "<group>"; };
		969C119E222A0ECA0015662B /* ViewController.swift */ = {isa = PBXFileReference; lastKnownFileType = sourcecode.swift; path = ViewController.swift; sourceTree = "<group>"; };
		969C11A1222A0ECA0015662B /* Base */ = {isa = PBXFileReference; lastKnownFileType = file.storyboard; name = Base; path = Base.lproj/Main.storyboard; sourceTree = "<group>"; };
		969C11A3222A0ECA0015662B /* Assets.xcassets */ = {isa = PBXFileReference; lastKnownFileType = folder.assetcatalog; path = Assets.xcassets; sourceTree = "<group>"; };
		969C11A6222A0ECA0015662B /* Base */ = {isa = PBXFileReference; lastKnownFileType = file.storyboard; name = Base; path = Base.lproj/LaunchScreen.storyboard; sourceTree = "<group>"; };
		969C11A8222A0ECA0015662B /* Info.plist */ = {isa = PBXFileReference; lastKnownFileType = text.plist.xml; path = Info.plist; sourceTree = "<group>"; };
		969C11AD222A0ECA0015662B /* iOSTestTests.xctest */ = {isa = PBXFileReference; explicitFileType = wrapper.cfbundle; includeInIndex = 0; path = iOSTestTests.xctest; sourceTree = BUILT_PRODUCTS_DIR; };
		969C11B1222A0ECA0015662B /* iOSTestTests.swift */ = {isa = PBXFileReference; lastKnownFileType = sourcecode.swift; path = iOSTestTests.swift; sourceTree = "<group>"; };
		969C11B3222A0ECA0015662B /* Info.plist */ = {isa = PBXFileReference; lastKnownFileType = text.plist.xml; path = Info.plist; sourceTree = "<group>"; };
		969C11B8222A0ECA0015662B /* iOSTestUITests.xctest */ = {isa = PBXFileReference; explicitFileType = wrapper.cfbundle; includeInIndex = 0; path = iOSTestUITests.xctest; sourceTree = BUILT_PRODUCTS_DIR; };
		969C11BC222A0ECA0015662B /* iOSTestUITests.swift */ = {isa = PBXFileReference; lastKnownFileType = sourcecode.swift; path = iOSTestUITests.swift; sourceTree = "<group>"; };
		969C11BE222A0ECA0015662B /* Info.plist */ = {isa = PBXFileReference; lastKnownFileType = text.plist.xml; path = Info.plist; sourceTree = "<group>"; };
		D26AAF7194C5976FA946A679 /* Pods-iOSTest-iOSTestUITests.debug.xcconfig */ = {isa = PBXFileReference; includeInIndex = 1; lastKnownFileType = text.xcconfig; name = "Pods-iOSTest-iOSTestUITests.debug.xcconfig"; path = "Target Support Files/Pods-iOSTest-iOSTestUITests/Pods-iOSTest-iOSTestUITests.debug.xcconfig"; sourceTree = "<group>"; };
		F095070E33145A0E454CD7DD /* Pods_iOSTest.framework */ = {isa = PBXFileReference; explicitFileType = wrapper.framework; includeInIndex = 0; path = Pods_iOSTest.framework; sourceTree = BUILT_PRODUCTS_DIR; };
		F0C9183529BB7CBD4F1917E1 /* Pods-iOSTest.debug.xcconfig */ = {isa = PBXFileReference; includeInIndex = 1; lastKnownFileType = text.xcconfig; name = "Pods-iOSTest.debug.xcconfig"; path = "Target Support Files/Pods-iOSTest/Pods-iOSTest.debug.xcconfig"; sourceTree = "<group>"; };
/* End PBXFileReference section */

/* Begin PBXFrameworksBuildPhase section */
		969C1196222A0ECA0015662B /* Frameworks */ = {
			isa = PBXFrameworksBuildPhase;
			buildActionMask = 2147483647;
			files = (
				E5F5BAD3CFF7D0866EB1FDB7 /* Pods_iOSTest.framework in Frameworks */,
			);
			runOnlyForDeploymentPostprocessing = 0;
		};
		969C11AA222A0ECA0015662B /* Frameworks */ = {
			isa = PBXFrameworksBuildPhase;
			buildActionMask = 2147483647;
			files = (
				1C04CBBCC9A4A617639940CE /* Pods_iOSTestTests.framework in Frameworks */,
			);
			runOnlyForDeploymentPostprocessing = 0;
		};
		969C11B5222A0ECA0015662B /* Frameworks */ = {
			isa = PBXFrameworksBuildPhase;
			buildActionMask = 2147483647;
			files = (
				D7126B68F3183FAA40B2572A /* Pods_iOSTest_iOSTestUITests.framework in Frameworks */,
			);
			runOnlyForDeploymentPostprocessing = 0;
		};
/* End PBXFrameworksBuildPhase section */

/* Begin PBXGroup section */
		41D6EFC76794B324316397C9 /* Frameworks */ = {
			isa = PBXGroup;
			children = (
				F095070E33145A0E454CD7DD /* Pods_iOSTest.framework */,
				35E0DF6052EBD6DF0AEDFBC8 /* Pods_iOSTest_iOSTestUITests.framework */,
				2CEA4FE820C4A9FA557CCFDC /* Pods_iOSTestTests.framework */,
			);
			name = Frameworks;
			sourceTree = "<group>";
		};
		969C1190222A0ECA0015662B = {
			isa = PBXGroup;
			children = (
				969C119B222A0ECA0015662B /* iOSTest */,
				969C11B0222A0ECA0015662B /* iOSTestTests */,
				969C11BB222A0ECA0015662B /* iOSTestUITests */,
				969C119A222A0ECA0015662B /* Products */,
				D5B436AA5F0E9A902EF1802F /* Pods */,
				41D6EFC76794B324316397C9 /* Frameworks */,
			);
			sourceTree = "<group>";
		};
		969C119A222A0ECA0015662B /* Products */ = {
			isa = PBXGroup;
			children = (
				969C1199222A0ECA0015662B /* iOSTest.app */,
				969C11AD222A0ECA0015662B /* iOSTestTests.xctest */,
				969C11B8222A0ECA0015662B /* iOSTestUITests.xctest */,
			);
			name = Products;
			sourceTree = "<group>";
		};
		969C119B222A0ECA0015662B /* iOSTest */ = {
			isa = PBXGroup;
			children = (
				969C119C222A0ECA0015662B /* AppDelegate.swift */,
				969C119E222A0ECA0015662B /* ViewController.swift */,
				969C11A0222A0ECA0015662B /* Main.storyboard */,
				969C11A3222A0ECA0015662B /* Assets.xcassets */,
				969C11A5222A0ECA0015662B /* LaunchScreen.storyboard */,
				969C11A8222A0ECA0015662B /* Info.plist */,
			);
			path = iOSTest;
			sourceTree = "<group>";
		};
		969C11B0222A0ECA0015662B /* iOSTestTests */ = {
			isa = PBXGroup;
			children = (
				969C11B1222A0ECA0015662B /* iOSTestTests.swift */,
				969C11B3222A0ECA0015662B /* Info.plist */,
			);
			path = iOSTestTests;
			sourceTree = "<group>";
		};
		969C11BB222A0ECA0015662B /* iOSTestUITests */ = {
			isa = PBXGroup;
			children = (
				969C11BC222A0ECA0015662B /* iOSTestUITests.swift */,
				969C11BE222A0ECA0015662B /* Info.plist */,
			);
			path = iOSTestUITests;
			sourceTree = "<group>";
		};
		D5B436AA5F0E9A902EF1802F /* Pods */ = {
			isa = PBXGroup;
			children = (
				F0C9183529BB7CBD4F1917E1 /* Pods-iOSTest.debug.xcconfig */,
				0793981AA32E9D585C37487E /* Pods-iOSTest.release.xcconfig */,
				D26AAF7194C5976FA946A679 /* Pods-iOSTest-iOSTestUITests.debug.xcconfig */,
				020F1DBB43C41C8204AF1DC7 /* Pods-iOSTest-iOSTestUITests.release.xcconfig */,
				4FE5A0A853C7BA6DDC21730A /* Pods-iOSTestTests.debug.xcconfig */,
				88A3AE182143B3DF03FB1E85 /* Pods-iOSTestTests.release.xcconfig */,
			);
			name = Pods;
			path = Pods;
			sourceTree = "<group>";
		};
/* End PBXGroup section */

/* Begin PBXNativeTarget section */
		969C1198222A0ECA0015662B /* iOSTest */ = {
			isa = PBXNativeTarget;
			buildConfigurationList = 969C11C1222A0ECA0015662B /* Build configuration list for PBXNativeTarget "iOSTest" */;
			buildPhases = (
				A619B30E0776DC0527495E9F /* [CP] Check Pods Manifest.lock */,
				969C1195222A0ECA0015662B /* Sources */,
				969C1196222A0ECA0015662B /* Frameworks */,
				969C1197222A0ECA0015662B /* Resources */,
				6B5C8BF087D11578175BC11E /* [CP] Embed Pods Frameworks */,
			);
			buildRules = (
			);
			dependencies = (
			);
			name = iOSTest;
			productName = iOSTest;
			productReference = 969C1199222A0ECA0015662B /* iOSTest.app */;
			productType = "com.apple.product-type.application";
		};
		969C11AC222A0ECA0015662B /* iOSTestTests */ = {
			isa = PBXNativeTarget;
			buildConfigurationList = 969C11C4222A0ECA0015662B /* Build configuration list for PBXNativeTarget "iOSTestTests" */;
			buildPhases = (
				12FFBC49D909A6C7804288CF /* [CP] Check Pods Manifest.lock */,
				969C11A9222A0ECA0015662B /* Sources */,
				969C11AA222A0ECA0015662B /* Frameworks */,
				969C11AB222A0ECA0015662B /* Resources */,
			);
			buildRules = (
			);
			dependencies = (
				969C11AF222A0ECA0015662B /* PBXTargetDependency */,
			);
			name = iOSTestTests;
			productName = iOSTestTests;
			productReference = 969C11AD222A0ECA0015662B /* iOSTestTests.xctest */;
			productType = "com.apple.product-type.bundle.unit-test";
		};
		969C11B7222A0ECA0015662B /* iOSTestUITests */ = {
			isa = PBXNativeTarget;
			buildConfigurationList = 969C11C7222A0ECA0015662B /* Build configuration list for PBXNativeTarget "iOSTestUITests" */;
			buildPhases = (
				4C0B9DCBA6831B385A32B96D /* [CP] Check Pods Manifest.lock */,
				969C11B4222A0ECA0015662B /* Sources */,
				969C11B5222A0ECA0015662B /* Frameworks */,
				969C11B6222A0ECA0015662B /* Resources */,
				4C78B31CBE19A7CE4C07C6F7 /* [CP] Embed Pods Frameworks */,
			);
			buildRules = (
			);
			dependencies = (
				969C11BA222A0ECA0015662B /* PBXTargetDependency */,
			);
			name = iOSTestUITests;
			productName = iOSTestUITests;
			productReference = 969C11B8222A0ECA0015662B /* iOSTestUITests.xctest */;
			productType = "com.apple.product-type.bundle.ui-testing";
		};
/* End PBXNativeTarget section */

/* Begin PBXProject section */
		969C1191222A0ECA0015662B /* Project object */ = {
			isa = PBXProject;
			attributes = {
				LastSwiftUpdateCheck = 1010;
				LastUpgradeCheck = 1010;
				ORGANIZATIONNAME = "寺中 信行";
				TargetAttributes = {
					969C1198222A0ECA0015662B = {
						CreatedOnToolsVersion = 10.1;
					};
					969C11AC222A0ECA0015662B = {
						CreatedOnToolsVersion = 10.1;
						TestTargetID = 969C1198222A0ECA0015662B;
					};
					969C11B7222A0ECA0015662B = {
						CreatedOnToolsVersion = 10.1;
						TestTargetID = 969C1198222A0ECA0015662B;
					};
				};
			};
			buildConfigurationList = 969C1194222A0ECA0015662B /* Build configuration list for PBXProject "iOSTest" */;
			compatibilityVersion = "Xcode 9.3";
			developmentRegion = en;
			hasScannedForEncodings = 0;
			knownRegions = (
				en,
				Base,
			);
			mainGroup = 969C1190222A0ECA0015662B;
			productRefGroup = 969C119A222A0ECA0015662B /* Products */;
			projectDirPath = "";
			projectRoot = "";
			targets = (
				969C1198222A0ECA0015662B /* iOSTest */,
				969C11AC222A0ECA0015662B /* iOSTestTests */,
				969C11B7222A0ECA0015662B /* iOSTestUITests */,
			);
		};
/* End PBXProject section */

/* Begin PBXResourcesBuildPhase section */
		969C1197222A0ECA0015662B /* Resources */ = {
			isa = PBXResourcesBuildPhase;
			buildActionMask = 2147483647;
			files = (
				969C11A7222A0ECA0015662B /* LaunchScreen.storyboard in Resources */,
				969C11A4222A0ECA0015662B /* Assets.xcassets in Resources */,
				969C11A2222A0ECA0015662B /* Main.storyboard in Resources */,
			);
			runOnlyForDeploymentPostprocessing = 0;
		};
		969C11AB222A0ECA0015662B /* Resources */ = {
			isa = PBXResourcesBuildPhase;
			buildActionMask = 2147483647;
			files = (
			);
			runOnlyForDeploymentPostprocessing = 0;
		};
		969C11B6222A0ECA0015662B /* Resources */ = {
			isa = PBXResourcesBuildPhase;
			buildActionMask = 2147483647;
			files = (
			);
			runOnlyForDeploymentPostprocessing = 0;
		};
/* End PBXResourcesBuildPhase section */

/* Begin PBXShellScriptBuildPhase section */
		12FFBC49D909A6C7804288CF /* [CP] Check Pods Manifest.lock */ = {
			isa = PBXShellScriptBuildPhase;
			buildActionMask = 2147483647;
			files = (
			);
			inputFileListPaths = (
			);
			inputPaths = (
				"${PODS_PODFILE_DIR_PATH}/Podfile.lock",
				"${PODS_ROOT}/Manifest.lock",
			);
			name = "[CP] Check Pods Manifest.lock";
			outputFileListPaths = (
			);
			outputPaths = (
				"$(DERIVED_FILE_DIR)/Pods-iOSTestTests-checkManifestLockResult.txt",
			);
			runOnlyForDeploymentPostprocessing = 0;
			shellPath = /bin/sh;
			shellScript = "diff \"${PODS_PODFILE_DIR_PATH}/Podfile.lock\" \"${PODS_ROOT}/Manifest.lock\" > /dev/null\nif [ $? != 0 ] ; then\n    # print error to STDERR\n    echo \"error: The sandbox is not in sync with the Podfile.lock. Run 'pod install' or update your CocoaPods installation.\" >&2\n    exit 1\nfi\n# This output is used by Xcode 'outputs' to avoid re-running this script phase.\necho \"SUCCESS\" > \"${SCRIPT_OUTPUT_FILE_0}\"\n";
			showEnvVarsInLog = 0;
		};
		4C0B9DCBA6831B385A32B96D /* [CP] Check Pods Manifest.lock */ = {
			isa = PBXShellScriptBuildPhase;
			buildActionMask = 2147483647;
			files = (
			);
			inputFileListPaths = (
			);
			inputPaths = (
				"${PODS_PODFILE_DIR_PATH}/Podfile.lock",
				"${PODS_ROOT}/Manifest.lock",
			);
			name = "[CP] Check Pods Manifest.lock";
			outputFileListPaths = (
			);
			outputPaths = (
				"$(DERIVED_FILE_DIR)/Pods-iOSTest-iOSTestUITests-checkManifestLockResult.txt",
			);
			runOnlyForDeploymentPostprocessing = 0;
			shellPath = /bin/sh;
			shellScript = "diff \"${PODS_PODFILE_DIR_PATH}/Podfile.lock\" \"${PODS_ROOT}/Manifest.lock\" > /dev/null\nif [ $? != 0 ] ; then\n    # print error to STDERR\n    echo \"error: The sandbox is not in sync with the Podfile.lock. Run 'pod install' or update your CocoaPods installation.\" >&2\n    exit 1\nfi\n# This output is used by Xcode 'outputs' to avoid re-running this script phase.\necho \"SUCCESS\" > \"${SCRIPT_OUTPUT_FILE_0}\"\n";
			showEnvVarsInLog = 0;
		};
		4C78B31CBE19A7CE4C07C6F7 /* [CP] Embed Pods Frameworks */ = {
			isa = PBXShellScriptBuildPhase;
			buildActionMask = 2147483647;
			files = (
			);
			inputFileListPaths = (
				"${PODS_ROOT}/Target Support Files/Pods-iOSTest-iOSTestUITests/Pods-iOSTest-iOSTestUITests-frameworks-${CONFIGURATION}-input-files.xcfilelist",
			);
			name = "[CP] Embed Pods Frameworks";
			outputFileListPaths = (
				"${PODS_ROOT}/Target Support Files/Pods-iOSTest-iOSTestUITests/Pods-iOSTest-iOSTestUITests-frameworks-${CONFIGURATION}-output-files.xcfilelist",
			);
			runOnlyForDeploymentPostprocessing = 0;
			shellPath = /bin/sh;
			shellScript = "\"${PODS_ROOT}/Target Support Files/Pods-iOSTest-iOSTestUITests/Pods-iOSTest-iOSTestUITests-frameworks.sh\"\n";
			showEnvVarsInLog = 0;
		};
		6B5C8BF087D11578175BC11E /* [CP] Embed Pods Frameworks */ = {
			isa = PBXShellScriptBuildPhase;
			buildActionMask = 2147483647;
			files = (
			);
			inputFileListPaths = (
				"${PODS_ROOT}/Target Support Files/Pods-iOSTest/Pods-iOSTest-frameworks-${CONFIGURATION}-input-files.xcfilelist",
			);
			name = "[CP] Embed Pods Frameworks";
			outputFileListPaths = (
				"${PODS_ROOT}/Target Support Files/Pods-iOSTest/Pods-iOSTest-frameworks-${CONFIGURATION}-output-files.xcfilelist",
			);
			runOnlyForDeploymentPostprocessing = 0;
			shellPath = /bin/sh;
			shellScript = "\"${PODS_ROOT}/Target Support Files/Pods-iOSTest/Pods-iOSTest-frameworks.sh\"\n";
			showEnvVarsInLog = 0;
		};
		A619B30E0776DC0527495E9F /* [CP] Check Pods Manifest.lock */ = {
			isa = PBXShellScriptBuildPhase;
			buildActionMask = 2147483647;
			files = (
			);
			inputFileListPaths = (
			);
			inputPaths = (
				"${PODS_PODFILE_DIR_PATH}/Podfile.lock",
				"${PODS_ROOT}/Manifest.lock",
			);
			name = "[CP] Check Pods Manifest.lock";
			outputFileListPaths = (
			);
			outputPaths = (
				"$(DERIVED_FILE_DIR)/Pods-iOSTest-checkManifestLockResult.txt",
			);
			runOnlyForDeploymentPostprocessing = 0;
			shellPath = /bin/sh;
			shellScript = "diff \"${PODS_PODFILE_DIR_PATH}/Podfile.lock\" \"${PODS_ROOT}/Manifest.lock\" > /dev/null\nif [ $? != 0 ] ; then\n    # print error to STDERR\n    echo \"error: The sandbox is not in sync with the Podfile.lock. Run 'pod install' or update your CocoaPods installation.\" >&2\n    exit 1\nfi\n# This output is used by Xcode 'outputs' to avoid re-running this script phase.\necho \"SUCCESS\" > \"${SCRIPT_OUTPUT_FILE_0}\"\n";
			showEnvVarsInLog = 0;
		};
/* End PBXShellScriptBuildPhase section */

/* Begin PBXSourcesBuildPhase section */
		969C1195222A0ECA0015662B /* Sources */ = {
			isa = PBXSourcesBuildPhase;
			buildActionMask = 2147483647;
			files = (
				969C119F222A0ECA0015662B /* ViewController.swift in Sources */,
				969C119D222A0ECA0015662B /* AppDelegate.swift in Sources */,
			);
			runOnlyForDeploymentPostprocessing = 0;
		};
		969C11A9222A0ECA0015662B /* Sources */ = {
			isa = PBXSourcesBuildPhase;
			buildActionMask = 2147483647;
			files = (
				969C11B2222A0ECA0015662B /* iOSTestTests.swift in Sources */,
			);
			runOnlyForDeploymentPostprocessing = 0;
		};
		969C11B4222A0ECA0015662B /* Sources */ = {
			isa = PBXSourcesBuildPhase;
			buildActionMask = 2147483647;
			files = (
				969C11BD222A0ECA0015662B /* iOSTestUITests.swift in Sources */,
			);
			runOnlyForDeploymentPostprocessing = 0;
		};
/* End PBXSourcesBuildPhase section */

/* Begin PBXTargetDependency section */
		969C11AF222A0ECA0015662B /* PBXTargetDependency */ = {
			isa = PBXTargetDependency;
			target = 969C1198222A0ECA0015662B /* iOSTest */;
			targetProxy = 969C11AE222A0ECA0015662B /* PBXContainerItemProxy */;
		};
		969C11BA222A0ECA0015662B /* PBXTargetDependency */ = {
			isa = PBXTargetDependency;
			target = 969C1198222A0ECA0015662B /* iOSTest */;
			targetProxy = 969C11B9222A0ECA0015662B /* PBXContainerItemProxy */;
		};
/* End PBXTargetDependency section */

/* Begin PBXVariantGroup section */
		969C11A0222A0ECA0015662B /* Main.storyboard */ = {
			isa = PBXVariantGroup;
			children = (
				969C11A1222A0ECA0015662B /* Base */,
			);
			name = Main.storyboard;
			sourceTree = "<group>";
		};
		969C11A5222A0ECA0015662B /* LaunchScreen.storyboard */ = {
			isa = PBXVariantGroup;
			children = (
				969C11A6222A0ECA0015662B /* Base */,
			);
			name = LaunchScreen.storyboard;
			sourceTree = "<group>";
		};
/* End PBXVariantGroup section */

/* Begin XCBuildConfiguration section */
		969C11BF222A0ECA0015662B /* Debug */ = {
			isa = XCBuildConfiguration;
			buildSettings = {
				ALWAYS_SEARCH_USER_PATHS = NO;
				CLANG_ANALYZER_NONNULL = YES;
				CLANG_ANALYZER_NUMBER_OBJECT_CONVERSION = YES_AGGRESSIVE;
				CLANG_CXX_LANGUAGE_STANDARD = "gnu++14";
				CLANG_CXX_LIBRARY = "libc++";
				CLANG_ENABLE_MODULES = YES;
				CLANG_ENABLE_OBJC_ARC = YES;
				CLANG_ENABLE_OBJC_WEAK = YES;
				CLANG_WARN_BLOCK_CAPTURE_AUTORELEASING = YES;
				CLANG_WARN_BOOL_CONVERSION = YES;
				CLANG_WARN_COMMA = YES;
				CLANG_WARN_CONSTANT_CONVERSION = YES;
				CLANG_WARN_DEPRECATED_OBJC_IMPLEMENTATIONS = YES;
				CLANG_WARN_DIRECT_OBJC_ISA_USAGE = YES_ERROR;
				CLANG_WARN_DOCUMENTATION_COMMENTS = YES;
				CLANG_WARN_EMPTY_BODY = YES;
				CLANG_WARN_ENUM_CONVERSION = YES;
				CLANG_WARN_INFINITE_RECURSION = YES;
				CLANG_WARN_INT_CONVERSION = YES;
				CLANG_WARN_NON_LITERAL_NULL_CONVERSION = YES;
				CLANG_WARN_OBJC_IMPLICIT_RETAIN_SELF = YES;
				CLANG_WARN_OBJC_LITERAL_CONVERSION = YES;
				CLANG_WARN_OBJC_ROOT_CLASS = YES_ERROR;
				CLANG_WARN_RANGE_LOOP_ANALYSIS = YES;
				CLANG_WARN_STRICT_PROTOTYPES = YES;
				CLANG_WARN_SUSPICIOUS_MOVE = YES;
				CLANG_WARN_UNGUARDED_AVAILABILITY = YES_AGGRESSIVE;
				CLANG_WARN_UNREACHABLE_CODE = YES;
				CLANG_WARN__DUPLICATE_METHOD_MATCH = YES;
				CODE_SIGN_IDENTITY = "iPhone Developer";
				COPY_PHASE_STRIP = NO;
				DEBUG_INFORMATION_FORMAT = dwarf;
				ENABLE_STRICT_OBJC_MSGSEND = YES;
				ENABLE_TESTABILITY = YES;
				GCC_C_LANGUAGE_STANDARD = gnu11;
				GCC_DYNAMIC_NO_PIC = NO;
				GCC_NO_COMMON_BLOCKS = YES;
				GCC_OPTIMIZATION_LEVEL = 0;
				GCC_PREPROCESSOR_DEFINITIONS = (
					"DEBUG=1",
					"$(inherited)",
				);
				GCC_WARN_64_TO_32_BIT_CONVERSION = YES;
				GCC_WARN_ABOUT_RETURN_TYPE = YES_ERROR;
				GCC_WARN_UNDECLARED_SELECTOR = YES;
				GCC_WARN_UNINITIALIZED_AUTOS = YES_AGGRESSIVE;
				GCC_WARN_UNUSED_FUNCTION = YES;
				GCC_WARN_UNUSED_VARIABLE = YES;
				IPHONEOS_DEPLOYMENT_TARGET = 12.1;
				MTL_ENABLE_DEBUG_INFO = INCLUDE_SOURCE;
				MTL_FAST_MATH = YES;
				ONLY_ACTIVE_ARCH = YES;
				SDKROOT = iphoneos;
				SWIFT_ACTIVE_COMPILATION_CONDITIONS = DEBUG;
				SWIFT_OPTIMIZATION_LEVEL = "-Onone";
			};
			name = Debug;
		};
		969C11C0222A0ECA0015662B /* Release */ = {
			isa = XCBuildConfiguration;
			buildSettings = {
				ALWAYS_SEARCH_USER_PATHS = NO;
				CLANG_ANALYZER_NONNULL = YES;
				CLANG_ANALYZER_NUMBER_OBJECT_CONVERSION = YES_AGGRESSIVE;
				CLANG_CXX_LANGUAGE_STANDARD = "gnu++14";
				CLANG_CXX_LIBRARY = "libc++";
				CLANG_ENABLE_MODULES = YES;
				CLANG_ENABLE_OBJC_ARC = YES;
				CLANG_ENABLE_OBJC_WEAK = YES;
				CLANG_WARN_BLOCK_CAPTURE_AUTORELEASING = YES;
				CLANG_WARN_BOOL_CONVERSION = YES;
				CLANG_WARN_COMMA = YES;
				CLANG_WARN_CONSTANT_CONVERSION = YES;
				CLANG_WARN_DEPRECATED_OBJC_IMPLEMENTATIONS = YES;
				CLANG_WARN_DIRECT_OBJC_ISA_USAGE = YES_ERROR;
				CLANG_WARN_DOCUMENTATION_COMMENTS = YES;
				CLANG_WARN_EMPTY_BODY = YES;
				CLANG_WARN_ENUM_CONVERSION = YES;
				CLANG_WARN_INFINITE_RECURSION = YES;
				CLANG_WARN_INT_CONVERSION = YES;
				CLANG_WARN_NON_LITERAL_NULL_CONVERSION = YES;
				CLANG_WARN_OBJC_IMPLICIT_RETAIN_SELF = YES;
				CLANG_WARN_OBJC_LITERAL_CONVERSION = YES;
				CLANG_WARN_OBJC_ROOT_CLASS = YES_ERROR;
				CLANG_WARN_RANGE_LOOP_ANALYSIS = YES;
				CLANG_WARN_STRICT_PROTOTYPES = YES;
				CLANG_WARN_SUSPICIOUS_MOVE = YES;
				CLANG_WARN_UNGUARDED_AVAILABILITY = YES_AGGRESSIVE;
				CLANG_WARN_UNREACHABLE_CODE = YES;
				CLANG_WARN__DUPLICATE_METHOD_MATCH = YES;
				CODE_SIGN_IDENTITY = "iPhone Developer";
				COPY_PHASE_STRIP = NO;
				DEBUG_INFORMATION_FORMAT = "dwarf-with-dsym";
				ENABLE_NS_ASSERTIONS = NO;
				ENABLE_STRICT_OBJC_MSGSEND = YES;
				GCC_C_LANGUAGE_STANDARD = gnu11;
				GCC_NO_COMMON_BLOCKS = YES;
				GCC_WARN_64_TO_32_BIT_CONVERSION = YES;
				GCC_WARN_ABOUT_RETURN_TYPE = YES_ERROR;
				GCC_WARN_UNDECLARED_SELECTOR = YES;
				GCC_WARN_UNINITIALIZED_AUTOS = YES_AGGRESSIVE;
				GCC_WARN_UNUSED_FUNCTION = YES;
				GCC_WARN_UNUSED_VARIABLE = YES;
				IPHONEOS_DEPLOYMENT_TARGET = 12.1;
				MTL_ENABLE_DEBUG_INFO = NO;
				MTL_FAST_MATH = YES;
				SDKROOT = iphoneos;
				SWIFT_COMPILATION_MODE = wholemodule;
				SWIFT_OPTIMIZATION_LEVEL = "-O";
				VALIDATE_PRODUCT = YES;
			};
			name = Release;
		};
		969C11C2222A0ECA0015662B /* Debug */ = {
			isa = XCBuildConfiguration;
			baseConfigurationReference = F0C9183529BB7CBD4F1917E1 /* Pods-iOSTest.debug.xcconfig */;
			buildSettings = {
				ASSETCATALOG_COMPILER_APPICON_NAME = AppIcon;
				CODE_SIGN_STYLE = Automatic;
				DEVELOPMENT_TEAM = "";
				INFOPLIST_FILE = iOSTest/Info.plist;
				LD_RUNPATH_SEARCH_PATHS = (
					"$(inherited)",
					"@executable_path/Frameworks",
				);
				PRODUCT_BUNDLE_IDENTIFIER = com.example.iOSTest;
				PRODUCT_NAME = "$(TARGET_NAME)";
				SWIFT_VERSION = 4.2;
				TARGETED_DEVICE_FAMILY = "1,2";
			};
			name = Debug;
		};
		969C11C3222A0ECA0015662B /* Release */ = {
			isa = XCBuildConfiguration;
			baseConfigurationReference = 0793981AA32E9D585C37487E /* Pods-iOSTest.release.xcconfig */;
			buildSettings = {
				ASSETCATALOG_COMPILER_APPICON_NAME = AppIcon;
				CODE_SIGN_STYLE = Automatic;
				DEVELOPMENT_TEAM = "";
				INFOPLIST_FILE = iOSTest/Info.plist;
				LD_RUNPATH_SEARCH_PATHS = (
					"$(inherited)",
					"@executable_path/Frameworks",
				);
				PRODUCT_BUNDLE_IDENTIFIER = com.example.iOSTest;
				PRODUCT_NAME = "$(TARGET_NAME)";
				SWIFT_VERSION = 4.2;
				TARGETED_DEVICE_FAMILY = "1,2";
			};
			name = Release;
		};
		969C11C5222A0ECA0015662B /* Debug */ = {
			isa = XCBuildConfiguration;
			baseConfigurationReference = 4FE5A0A853C7BA6DDC21730A /* Pods-iOSTestTests.debug.xcconfig */;
			buildSettings = {
				ALWAYS_EMBED_SWIFT_STANDARD_LIBRARIES = YES;
				BUNDLE_LOADER = "$(TEST_HOST)";
				CODE_SIGN_STYLE = Automatic;
				DEVELOPMENT_TEAM = K7ANLD2QJC;
				INFOPLIST_FILE = iOSTestTests/Info.plist;
				LD_RUNPATH_SEARCH_PATHS = (
					"$(inherited)",
					"@executable_path/Frameworks",
					"@loader_path/Frameworks",
				);
				PRODUCT_BUNDLE_IDENTIFIER = com.example.iOSTestTests;
				PRODUCT_NAME = "$(TARGET_NAME)";
				SWIFT_VERSION = 4.2;
				TARGETED_DEVICE_FAMILY = "1,2";
				TEST_HOST = "$(BUILT_PRODUCTS_DIR)/iOSTest.app/iOSTest";
			};
			name = Debug;
		};
		969C11C6222A0ECA0015662B /* Release */ = {
			isa = XCBuildConfiguration;
			baseConfigurationReference = 88A3AE182143B3DF03FB1E85 /* Pods-iOSTestTests.release.xcconfig */;
			buildSettings = {
				ALWAYS_EMBED_SWIFT_STANDARD_LIBRARIES = YES;
				BUNDLE_LOADER = "$(TEST_HOST)";
				CODE_SIGN_STYLE = Automatic;
				DEVELOPMENT_TEAM = K7ANLD2QJC;
				INFOPLIST_FILE = iOSTestTests/Info.plist;
				LD_RUNPATH_SEARCH_PATHS = (
					"$(inherited)",
					"@executable_path/Frameworks",
					"@loader_path/Frameworks",
				);
				PRODUCT_BUNDLE_IDENTIFIER = com.example.iOSTestTests;
				PRODUCT_NAME = "$(TARGET_NAME)";
				SWIFT_VERSION = 4.2;
				TARGETED_DEVICE_FAMILY = "1,2";
				TEST_HOST = "$(BUILT_PRODUCTS_DIR)/iOSTest.app/iOSTest";
			};
			name = Release;
		};
		969C11C8222A0ECA0015662B /* Debug */ = {
			isa = XCBuildConfiguration;
			baseConfigurationReference = D26AAF7194C5976FA946A679 /* Pods-iOSTest-iOSTestUITests.debug.xcconfig */;
			buildSettings = {
				ALWAYS_EMBED_SWIFT_STANDARD_LIBRARIES = YES;
				CODE_SIGN_STYLE = Automatic;
				DEVELOPMENT_TEAM = K7ANLD2QJC;
				INFOPLIST_FILE = iOSTestUITests/Info.plist;
				LD_RUNPATH_SEARCH_PATHS = (
					"$(inherited)",
					"@executable_path/Frameworks",
					"@loader_path/Frameworks",
				);
				PRODUCT_BUNDLE_IDENTIFIER = com.example.iOSTestUITests;
				PRODUCT_NAME = "$(TARGET_NAME)";
				SWIFT_VERSION = 4.2;
				TARGETED_DEVICE_FAMILY = "1,2";
				TEST_TARGET_NAME = iOSTest;
			};
			name = Debug;
		};
		969C11C9222A0ECA0015662B /* Release */ = {
			isa = XCBuildConfiguration;
			baseConfigurationReference = 020F1DBB43C41C8204AF1DC7 /* Pods-iOSTest-iOSTestUITests.release.xcconfig */;
			buildSettings = {
				ALWAYS_EMBED_SWIFT_STANDARD_LIBRARIES = YES;
				CODE_SIGN_STYLE = Automatic;
				DEVELOPMENT_TEAM = K7ANLD2QJC;
				INFOPLIST_FILE = iOSTestUITests/Info.plist;
				LD_RUNPATH_SEARCH_PATHS = (
					"$(inherited)",
					"@executable_path/Frameworks",
					"@loader_path/Frameworks",
				);
				PRODUCT_BUNDLE_IDENTIFIER = com.example.iOSTestUITests;
				PRODUCT_NAME = "$(TARGET_NAME)";
				SWIFT_VERSION = 4.2;
				TARGETED_DEVICE_FAMILY = "1,2";
				TEST_TARGET_NAME = iOSTest;
			};
			name = Release;
		};
/* End XCBuildConfiguration section */

/* Begin XCConfigurationList section */
		969C1194222A0ECA0015662B /* Build configuration list for PBXProject "iOSTest" */ = {
			isa = XCConfigurationList;
			buildConfigurations = (
				969C11BF222A0ECA0015662B /* Debug */,
				969C11C0222A0ECA0015662B /* Release */,
			);
			defaultConfigurationIsVisible = 0;
			defaultConfigurationName = Release;
		};
		969C11C1222A0ECA0015662B /* Build configuration list for PBXNativeTarget "iOSTest" */ = {
			isa = XCConfigurationList;
			buildConfigurations = (
				969C11C2222A0ECA0015662B /* Debug */,
				969C11C3222A0ECA0015662B /* Release */,
			);
			defaultConfigurationIsVisible = 0;
			defaultConfigurationName = Release;
		};
		969C11C4222A0ECA0015662B /* Build configuration list for PBXNativeTarget "iOSTestTests" */ = {
			isa = XCConfigurationList;
			buildConfigurations = (
				969C11C5222A0ECA0015662B /* Debug */,
				969C11C6222A0ECA0015662B /* Release */,
			);
			defaultConfigurationIsVisible = 0;
			defaultConfigurationName = Release;
		};
		969C11C7222A0ECA0015662B /* Build configuration list for PBXNativeTarget "iOSTestUITests" */ = {
			isa = XCConfigurationList;
			buildConfigurations = (
				969C11C8222A0ECA0015662B /* Debug */,
				969C11C9222A0ECA0015662B /* Release */,
			);
			defaultConfigurationIsVisible = 0;
			defaultConfigurationName = Release;
		};
/* End XCConfigurationList section */
	};
	rootObject = 969C1191222A0ECA0015662B /* Project object */;
}
